# THIS IS AN AUTOGENERATED FILE. DO NOT EDIT THIS FILE DIRECTLY.
# yarn lockfile v1


"@vant/weapp@^1.6.4":
  version "1.6.4"
  resolved "https://registry.npm.taobao.org/@vant/weapp/download/@vant/weapp-1.6.4.tgz#94aa1b6de263222a4d42af6b00665313fcf76a2c"
  integrity sha1-lKobbeJjIipNQq9rAGZTE/z3aiw=
